
Microsoft Visual Studio Solution File, Format Version 12.00
# Visual Studio Version 17
VisualStudioVersion = 17.2.32602.215
MinimumVisualStudioVersion = 10.0.40219.1
Project("{FAE04EC0-301F-11D3-BF4B-00C04F79EFBC}") = "RecapProject1", "RecapProject1\RecapProject1.csproj", "{D3D2297D-4D4A-4326-A51F-193BF2672268}"
EndProject
Global
	GlobalSection(SolutionConfigurationPlatforms) = preSolution
		Debug|Any CPU = Debug|Any CPU
		Release|Any CPU = Release|Any CPU
	EndGlobalSection
	GlobalSection(ProjectConfigurationPlatforms) = postSolution
		{D3D2297D-4D4A-4326-A51F-193BF2672268}.Debug|Any CPU.ActiveCfg = Debug|Any CPU
		{D3D2297D-4D4A-4326-A51F-193BF2672268}.Debug|Any CPU.Build.0 = Debug|Any CPU
		{D3D2297D-4D4A-4326-A51F-193BF2672268}.Release|Any CPU.ActiveCfg = Release|Any CPU
		{D3D2297D-4D4A-4326-A51F-193BF2672268}.Release|Any CPU.Build.0 = Release|Any CPU
	EndGlobalSection
	GlobalSection(SolutionProperties) = preSolution
		HideSolutionNode = FALSE
	EndGlobalSection
	GlobalSection(ExtensibilityGlobals) = postSolution
		SolutionGuid = {F547B190-4BC5-4CB9-B2CE-E80149E35891}
	EndGlobalSection
EndGlobal
